
Microsoft Visual Studio Solution File, Format Version 12.00
# Visual Studio Version 17
VisualStudioVersion = 17.2.32602.215
MinimumVisualStudioVersion = 10.0.40219.1
Project("{FAE04EC0-301F-11D3-BF4B-00C04F79EFBC}") = "Interfaces", "Interfaces\Interfaces.csproj", "{2A7478C0-C67B-44D2-8D62-A10DB560DC14}"
EndProject
Global
	GlobalSection(SolutionConfigurationPlatforms) = preSolution
		Debug|Any CPU = Debug|Any CPU
		Release|Any CPU = Release|Any CPU
	EndGlobalSection
	GlobalSection(ProjectConfigurationPlatforms) = postSolution
		{2A7478C0-C67B-44D2-8D62-A10DB560DC14}.Debug|Any CPU.ActiveCfg = Debug|Any CPU
		{2A7478C0-C67B-44D2-8D62-A10DB560DC14}.Debug|Any CPU.Build.0 = Debug|Any CPU
		{2A7478C0-C67B-44D2-8D62-A10DB560DC14}.Release|Any CPU.ActiveCfg = Release|Any CPU
		{2A7478C0-C67B-44D2-8D62-A10DB560DC14}.Release|Any CPU.Build.0 = Release|Any CPU
	EndGlobalSection
	GlobalSection(SolutionProperties) = preSolution
		HideSolutionNode = FALSE
	EndGlobalSection
	GlobalSection(ExtensibilityGlobals) = postSolution
		SolutionGuid = {37152A50-21CF-48B3-847E-B248E298CAD0}
	EndGlobalSection
EndGlobal
